
Microsoft Visual Studio Solution File, Format Version 12.00
Project("{FAE04EC0-301F-11D3-BF4B-00C04F79EFBC}") = "WeatherSystem", "WeatherSystem\WeatherSystem.csproj", "{990A0D71-FFE5-476D-90C4-871C6D67FAE8}"
EndProject
Global
	GlobalSection(SolutionConfigurationPlatforms) = preSolution
		Debug|Any CPU = Debug|Any CPU
		Release|Any CPU = Release|Any CPU
	EndGlobalSection
	GlobalSection(ProjectConfigurationPlatforms) = postSolution
		{990A0D71-FFE5-476D-90C4-871C6D67FAE8}.Debug|Any CPU.ActiveCfg = Debug|Any CPU
		{990A0D71-FFE5-476D-90C4-871C6D67FAE8}.Debug|Any CPU.Build.0 = Debug|Any CPU
		{990A0D71-FFE5-476D-90C4-871C6D67FAE8}.Release|Any CPU.ActiveCfg = Release|Any CPU
		{990A0D71-FFE5-476D-90C4-871C6D67FAE8}.Release|Any CPU.Build.0 = Release|Any CPU
	EndGlobalSection
EndGlobal
